
Microsoft Visual Studio Solution File, Format Version 12.00
# Visual Studio 15
Project("{FAE04EC0-301F-11D3-BF4B-00C04F79EFBC}") = "Assembly-CSharp", "Assembly-CSharp.csproj", "{15E64ABC-E663-6AF6-174A-D2F86324235C}"
EndProject
Project("{FAE04EC0-301F-11D3-BF4B-00C04F79EFBC}") = "Assembly-CSharp-Editor", "Assembly-CSharp-Editor.csproj", "{9687C949-7B38-6605-FC0F-77C7BD5634D1}"
EndProject
Global
	GlobalSection(SolutionConfigurationPlatforms) = preSolution
		Debug|Any CPU = Debug|Any CPU
		Release|Any CPU = Release|Any CPU
	EndGlobalSection
	GlobalSection(ProjectConfigurationPlatforms) = postSolution
		{15E64ABC-E663-6AF6-174A-D2F86324235C}.Debug|Any CPU.ActiveCfg = Debug|Any CPU
		{15E64ABC-E663-6AF6-174A-D2F86324235C}.Debug|Any CPU.Build.0 = Debug|Any CPU
		{15E64ABC-E663-6AF6-174A-D2F86324235C}.Release|Any CPU.ActiveCfg = Release|Any CPU
		{15E64ABC-E663-6AF6-174A-D2F86324235C}.Release|Any CPU.Build.0 = Release|Any CPU
		{9687C949-7B38-6605-FC0F-77C7BD5634D1}.Debug|Any CPU.ActiveCfg = Debug|Any CPU
		{9687C949-7B38-6605-FC0F-77C7BD5634D1}.Debug|Any CPU.Build.0 = Debug|Any CPU
		{9687C949-7B38-6605-FC0F-77C7BD5634D1}.Release|Any CPU.ActiveCfg = Release|Any CPU
		{9687C949-7B38-6605-FC0F-77C7BD5634D1}.Release|Any CPU.Build.0 = Release|Any CPU
	EndGlobalSection
	GlobalSection(SolutionProperties) = preSolution
		HideSolutionNode = FALSE
	EndGlobalSection
EndGlobal
